
Microsoft Visual Studio Solution File, Format Version 12.00
# Visual Studio 2012
Project("{8BC9CEB8-8B4A-11D0-8D11-00A0C91BC942}") = "UG5KEd137b4Service", "UG5KEd137b4Service\UG5KEd137b4Service.vcxproj", "{8966AD7E-CB13-43E0-AD18-0DC451F4FE62}"
EndProject
Project("{FAE04EC0-301F-11D3-BF4B-00C04F79EFBC}") = "GrabadorSim", "GrabadorSim\GrabadorSim.csproj", "{810DCD4B-1EF1-4747-81A1-8F34B4137393}"
EndProject
Project("{FAE04EC0-301F-11D3-BF4B-00C04F79EFBC}") = "TestUG5KEd137b4Service", "TestUG5KEd137b4Service\TestUG5KEd137b4Service.csproj", "{B57FA9A6-D1FC-4056-B13C-D90E705B9C3C}"
EndProject
Project("{FAE04EC0-301F-11D3-BF4B-00C04F79EFBC}") = "ED137B4WindowsService", "ED137B4WindowsService\ED137B4WindowsService.csproj", "{52A75670-DB30-438E-A5AD-90EDE551B419}"
EndProject
Project("{930C7802-8A8C-48F9-8165-68863BCCD9DD}") = "ED137B4ServiceSetup", "ED137B4ServiceSetup\ED137B4ServiceSetup.wixproj", "{A612BA0E-C5A6-4232-B3CC-ACED48C7C085}"
EndProject
Global
	GlobalSection(SolutionConfigurationPlatforms) = preSolution
		AppDBG|Any CPU = AppDBG|Any CPU
		AppDBG|Mixed Platforms = AppDBG|Mixed Platforms
		AppDBG|Win32 = AppDBG|Win32
		AppDBG|x64 = AppDBG|x64
		AppDBG|x86 = AppDBG|x86
		AppRelease|Any CPU = AppRelease|Any CPU
		AppRelease|Mixed Platforms = AppRelease|Mixed Platforms
		AppRelease|Win32 = AppRelease|Win32
		AppRelease|x64 = AppRelease|x64
		AppRelease|x86 = AppRelease|x86
		AppRls|Any CPU = AppRls|Any CPU
		AppRls|Mixed Platforms = AppRls|Mixed Platforms
		AppRls|Win32 = AppRls|Win32
		AppRls|x64 = AppRls|x64
		AppRls|x86 = AppRls|x86
		Debug|Any CPU = Debug|Any CPU
		Debug|Mixed Platforms = Debug|Mixed Platforms
		Debug|Win32 = Debug|Win32
		Debug|x64 = Debug|x64
		Debug|x86 = Debug|x86
		Debug2|Any CPU = Debug2|Any CPU
		Debug2|Mixed Platforms = Debug2|Mixed Platforms
		Debug2|Win32 = Debug2|Win32
		Debug2|x64 = Debug2|x64
		Debug2|x86 = Debug2|x86
		Release|Any CPU = Release|Any CPU
		Release|Mixed Platforms = Release|Mixed Platforms
		Release|Win32 = Release|Win32
		Release|x64 = Release|x64
		Release|x86 = Release|x86
	EndGlobalSection
	GlobalSection(ProjectConfigurationPlatforms) = postSolution
		{8966AD7E-CB13-43E0-AD18-0DC451F4FE62}.AppDBG|Any CPU.ActiveCfg = AppDBG|Win32
		{8966AD7E-CB13-43E0-AD18-0DC451F4FE62}.AppDBG|Mixed Platforms.ActiveCfg = AppDBG|Win32
		{8966AD7E-CB13-43E0-AD18-0DC451F4FE62}.AppDBG|Mixed Platforms.Build.0 = AppDBG|Win32
		{8966AD7E-CB13-43E0-AD18-0DC451F4FE62}.AppDBG|Win32.ActiveCfg = AppDBG|Win32
		{8966AD7E-CB13-43E0-AD18-0DC451F4FE62}.AppDBG|Win32.Build.0 = AppDBG|Win32
		{8966AD7E-CB13-43E0-AD18-0DC451F4FE62}.AppDBG|x64.ActiveCfg = AppDBG|Win32
		{8966AD7E-CB13-43E0-AD18-0DC451F4FE62}.AppDBG|x86.ActiveCfg = AppDBG|Win32
		{8966AD7E-CB13-43E0-AD18-0DC451F4FE62}.AppDBG|x86.Build.0 = AppDBG|Win32
		{8966AD7E-CB13-43E0-AD18-0DC451F4FE62}.AppRelease|Any CPU.ActiveCfg = Release|Win32
		{8966AD7E-CB13-43E0-AD18-0DC451F4FE62}.AppRelease|Mixed Platforms.ActiveCfg = AppRelease|Win32
		{8966AD7E-CB13-43E0-AD18-0DC451F4FE62}.AppRelease|Mixed Platforms.Build.0 = AppRelease|Win32
		{8966AD7E-CB13-43E0-AD18-0DC451F4FE62}.AppRelease|Win32.ActiveCfg = AppRelease|Win32
		{8966AD7E-CB13-43E0-AD18-0DC451F4FE62}.AppRelease|Win32.Build.0 = AppRelease|Win32
		{8966AD7E-CB13-43E0-AD18-0DC451F4FE62}.AppRelease|x64.ActiveCfg = Release|Win32
		{8966AD7E-CB13-43E0-AD18-0DC451F4FE62}.AppRelease|x86.ActiveCfg = AppRelease|Win32
		{8966AD7E-CB13-43E0-AD18-0DC451F4FE62}.AppRelease|x86.Build.0 = AppRelease|Win32
		{8966AD7E-CB13-43E0-AD18-0DC451F4FE62}.AppRls|Any CPU.ActiveCfg = AppDBG|Win32
		{8966AD7E-CB13-43E0-AD18-0DC451F4FE62}.AppRls|Mixed Platforms.ActiveCfg = AppDBG|Win32
		{8966AD7E-CB13-43E0-AD18-0DC451F4FE62}.AppRls|Mixed Platforms.Build.0 = AppDBG|Win32
		{8966AD7E-CB13-43E0-AD18-0DC451F4FE62}.AppRls|Win32.ActiveCfg = Debug|Win32
		{8966AD7E-CB13-43E0-AD18-0DC451F4FE62}.AppRls|Win32.Build.0 = Debug|Win32
		{8966AD7E-CB13-43E0-AD18-0DC451F4FE62}.AppRls|x64.ActiveCfg = AppDBG|Win32
		{8966AD7E-CB13-43E0-AD18-0DC451F4FE62}.AppRls|x86.ActiveCfg = AppRelease|Win32
		{8966AD7E-CB13-43E0-AD18-0DC451F4FE62}.AppRls|x86.Build.0 = AppRelease|Win32
		{8966AD7E-CB13-43E0-AD18-0DC451F4FE62}.Debug|Any CPU.ActiveCfg = Debug|Win32
		{8966AD7E-CB13-43E0-AD18-0DC451F4FE62}.Debug|Mixed Platforms.ActiveCfg = Debug|Win32
		{8966AD7E-CB13-43E0-AD18-0DC451F4FE62}.Debug|Mixed Platforms.Build.0 = Debug|Win32
		{8966AD7E-CB13-43E0-AD18-0DC451F4FE62}.Debug|Win32.ActiveCfg = Debug|Win32
		{8966AD7E-CB13-43E0-AD18-0DC451F4FE62}.Debug|Win32.Build.0 = Debug|Win32
		{8966AD7E-CB13-43E0-AD18-0DC451F4FE62}.Debug|x64.ActiveCfg = Debug|Win32
		{8966AD7E-CB13-43E0-AD18-0DC451F4FE62}.Debug|x86.ActiveCfg = Debug|Win32
		{8966AD7E-CB13-43E0-AD18-0DC451F4FE62}.Debug|x86.Build.0 = Debug|Win32
		{8966AD7E-CB13-43E0-AD18-0DC451F4FE62}.Debug2|Any CPU.ActiveCfg = Debug|Win32
		{8966AD7E-CB13-43E0-AD18-0DC451F4FE62}.Debug2|Mixed Platforms.ActiveCfg = Debug2|Win32
		{8966AD7E-CB13-43E0-AD18-0DC451F4FE62}.Debug2|Mixed Platforms.Build.0 = Debug2|Win32
		{8966AD7E-CB13-43E0-AD18-0DC451F4FE62}.Debug2|Win32.ActiveCfg = Debug2|Win32
		{8966AD7E-CB13-43E0-AD18-0DC451F4FE62}.Debug2|Win32.Build.0 = Debug2|Win32
		{8966AD7E-CB13-43E0-AD18-0DC451F4FE62}.Debug2|x64.ActiveCfg = Debug|Win32
		{8966AD7E-CB13-43E0-AD18-0DC451F4FE62}.Debug2|x86.ActiveCfg = Debug2|Win32
		{8966AD7E-CB13-43E0-AD18-0DC451F4FE62}.Debug2|x86.Build.0 = Debug2|Win32
		{8966AD7E-CB13-43E0-AD18-0DC451F4FE62}.Release|Any CPU.ActiveCfg = Release|Win32
		{8966AD7E-CB13-43E0-AD18-0DC451F4FE62}.Release|Mixed Platforms.ActiveCfg = Release|Win32
		{8966AD7E-CB13-43E0-AD18-0DC451F4FE62}.Release|Mixed Platforms.Build.0 = Release|Win32
		{8966AD7E-CB13-43E0-AD18-0DC451F4FE62}.Release|Win32.ActiveCfg = Release|Win32
		{8966AD7E-CB13-43E0-AD18-0DC451F4FE62}.Release|Win32.Build.0 = Release|Win32
		{8966AD7E-CB13-43E0-AD18-0DC451F4FE62}.Release|x64.ActiveCfg = Release|Win32
		{8966AD7E-CB13-43E0-AD18-0DC451F4FE62}.Release|x86.ActiveCfg = Release|Win32
		{8966AD7E-CB13-43E0-AD18-0DC451F4FE62}.Release|x86.Build.0 = Release|Win32
		{810DCD4B-1EF1-4747-81A1-8F34B4137393}.AppDBG|Any CPU.ActiveCfg = Release|Any CPU
		{810DCD4B-1EF1-4747-81A1-8F34B4137393}.AppDBG|Any CPU.Build.0 = Release|Any CPU
		{810DCD4B-1EF1-4747-81A1-8F34B4137393}.AppDBG|Mixed Platforms.ActiveCfg = Release|Any CPU
		{810DCD4B-1EF1-4747-81A1-8F34B4137393}.AppDBG|Mixed Platforms.Build.0 = Release|Any CPU
		{810DCD4B-1EF1-4747-81A1-8F34B4137393}.AppDBG|Win32.ActiveCfg = Release|Any CPU
		{810DCD4B-1EF1-4747-81A1-8F34B4137393}.AppDBG|x64.ActiveCfg = Release|Any CPU
		{810DCD4B-1EF1-4747-81A1-8F34B4137393}.AppDBG|x86.ActiveCfg = Debug|Any CPU
		{810DCD4B-1EF1-4747-81A1-8F34B4137393}.AppRelease|Any CPU.ActiveCfg = Release|Any CPU
		{810DCD4B-1EF1-4747-81A1-8F34B4137393}.AppRelease|Any CPU.Build.0 = Release|Any CPU
		{810DCD4B-1EF1-4747-81A1-8F34B4137393}.AppRelease|Mixed Platforms.ActiveCfg = Release|Any CPU
		{810DCD4B-1EF1-4747-81A1-8F34B4137393}.AppRelease|Mixed Platforms.Build.0 = Release|Any CPU
		{810DCD4B-1EF1-4747-81A1-8F34B4137393}.AppRelease|Win32.ActiveCfg = Debug|Any CPU
		{810DCD4B-1EF1-4747-81A1-8F34B4137393}.AppRelease|x64.ActiveCfg = Release|Any CPU
		{810DCD4B-1EF1-4747-81A1-8F34B4137393}.AppRelease|x86.ActiveCfg = Release|Any CPU
		{810DCD4B-1EF1-4747-81A1-8F34B4137393}.AppRls|Any CPU.ActiveCfg = Release|Any CPU
		{810DCD4B-1EF1-4747-81A1-8F34B4137393}.AppRls|Any CPU.Build.0 = Release|Any CPU
		{810DCD4B-1EF1-4747-81A1-8F34B4137393}.AppRls|Mixed Platforms.ActiveCfg = Release|Any CPU
		{810DCD4B-1EF1-4747-81A1-8F34B4137393}.AppRls|Mixed Platforms.Build.0 = Release|Any CPU
		{810DCD4B-1EF1-4747-81A1-8F34B4137393}.AppRls|Win32.ActiveCfg = Release|Any CPU
		{810DCD4B-1EF1-4747-81A1-8F34B4137393}.AppRls|x64.ActiveCfg = Release|Any CPU
		{810DCD4B-1EF1-4747-81A1-8F34B4137393}.AppRls|x86.ActiveCfg = Debug|Any CPU
		{810DCD4B-1EF1-4747-81A1-8F34B4137393}.Debug|Any CPU.ActiveCfg = Debug|Any CPU
		{810DCD4B-1EF1-4747-81A1-8F34B4137393}.Debug|Any CPU.Build.0 = Debug|Any CPU
		{810DCD4B-1EF1-4747-81A1-8F34B4137393}.Debug|Mixed Platforms.ActiveCfg = Debug|Any CPU
		{810DCD4B-1EF1-4747-81A1-8F34B4137393}.Debug|Mixed Platforms.Build.0 = Debug|Any CPU
		{810DCD4B-1EF1-4747-81A1-8F34B4137393}.Debug|Win32.ActiveCfg = Debug|Any CPU
		{810DCD4B-1EF1-4747-81A1-8F34B4137393}.Debug|x64.ActiveCfg = Debug|Any CPU
		{810DCD4B-1EF1-4747-81A1-8F34B4137393}.Debug|x86.ActiveCfg = Debug|Any CPU
		{810DCD4B-1EF1-4747-81A1-8F34B4137393}.Debug2|Any CPU.ActiveCfg = Debug|Any CPU
		{810DCD4B-1EF1-4747-81A1-8F34B4137393}.Debug2|Any CPU.Build.0 = Debug|Any CPU
		{810DCD4B-1EF1-4747-81A1-8F34B4137393}.Debug2|Mixed Platforms.ActiveCfg = Debug|Any CPU
		{810DCD4B-1EF1-4747-81A1-8F34B4137393}.Debug2|Mixed Platforms.Build.0 = Debug|Any CPU
		{810DCD4B-1EF1-4747-81A1-8F34B4137393}.Debug2|Win32.ActiveCfg = Debug|Any CPU
		{810DCD4B-1EF1-4747-81A1-8F34B4137393}.Debug2|x64.ActiveCfg = Debug|Any CPU
		{810DCD4B-1EF1-4747-81A1-8F34B4137393}.Debug2|x86.ActiveCfg = Debug|Any CPU
		{810DCD4B-1EF1-4747-81A1-8F34B4137393}.Release|Any CPU.ActiveCfg = Release|Any CPU
		{810DCD4B-1EF1-4747-81A1-8F34B4137393}.Release|Any CPU.Build.0 = Release|Any CPU
		{810DCD4B-1EF1-4747-81A1-8F34B4137393}.Release|Mixed Platforms.ActiveCfg = Release|Any CPU
		{810DCD4B-1EF1-4747-81A1-8F34B4137393}.Release|Mixed Platforms.Build.0 = Release|Any CPU
		{810DCD4B-1EF1-4747-81A1-8F34B4137393}.Release|Win32.ActiveCfg = Release|Any CPU
		{810DCD4B-1EF1-4747-81A1-8F34B4137393}.Release|x64.ActiveCfg = Release|Any CPU
		{810DCD4B-1EF1-4747-81A1-8F34B4137393}.Release|x86.ActiveCfg = Release|Any CPU
		{B57FA9A6-D1FC-4056-B13C-D90E705B9C3C}.AppDBG|Any CPU.ActiveCfg = Release|Any CPU
		{B57FA9A6-D1FC-4056-B13C-D90E705B9C3C}.AppDBG|Any CPU.Build.0 = Release|Any CPU
		{B57FA9A6-D1FC-4056-B13C-D90E705B9C3C}.AppDBG|Mixed Platforms.ActiveCfg = Release|Any CPU
		{B57FA9A6-D1FC-4056-B13C-D90E705B9C3C}.AppDBG|Mixed Platforms.Build.0 = Release|Any CPU
		{B57FA9A6-D1FC-4056-B13C-D90E705B9C3C}.AppDBG|Win32.ActiveCfg = Release|Any CPU
		{B57FA9A6-D1FC-4056-B13C-D90E705B9C3C}.AppDBG|x64.ActiveCfg = Release|Any CPU
		{B57FA9A6-D1FC-4056-B13C-D90E705B9C3C}.AppDBG|x86.ActiveCfg = Debug|Any CPU
		{B57FA9A6-D1FC-4056-B13C-D90E705B9C3C}.AppRelease|Any CPU.ActiveCfg = Release|Any CPU
		{B57FA9A6-D1FC-4056-B13C-D90E705B9C3C}.AppRelease|Any CPU.Build.0 = Release|Any CPU
		{B57FA9A6-D1FC-4056-B13C-D90E705B9C3C}.AppRelease|Mixed Platforms.ActiveCfg = Release|Any CPU
		{B57FA9A6-D1FC-4056-B13C-D90E705B9C3C}.AppRelease|Mixed Platforms.Build.0 = Release|Any CPU
		{B57FA9A6-D1FC-4056-B13C-D90E705B9C3C}.AppRelease|Win32.ActiveCfg = Debug|Any CPU
		{B57FA9A6-D1FC-4056-B13C-D90E705B9C3C}.AppRelease|x64.ActiveCfg = Release|Any CPU
		{B57FA9A6-D1FC-4056-B13C-D90E705B9C3C}.AppRelease|x86.ActiveCfg = Release|Any CPU
		{B57FA9A6-D1FC-4056-B13C-D90E705B9C3C}.AppRls|Any CPU.ActiveCfg = Release|Any CPU
		{B57FA9A6-D1FC-4056-B13C-D90E705B9C3C}.AppRls|Any CPU.Build.0 = Release|Any CPU
		{B57FA9A6-D1FC-4056-B13C-D90E705B9C3C}.AppRls|Mixed Platforms.ActiveCfg = Release|Any CPU
		{B57FA9A6-D1FC-4056-B13C-D90E705B9C3C}.AppRls|Mixed Platforms.Build.0 = Release|Any CPU
		{B57FA9A6-D1FC-4056-B13C-D90E705B9C3C}.AppRls|Win32.ActiveCfg = Release|Any CPU
		{B57FA9A6-D1FC-4056-B13C-D90E705B9C3C}.AppRls|x64.ActiveCfg = Release|Any CPU
		{B57FA9A6-D1FC-4056-B13C-D90E705B9C3C}.AppRls|x86.ActiveCfg = Debug|Any CPU
		{B57FA9A6-D1FC-4056-B13C-D90E705B9C3C}.Debug|Any CPU.ActiveCfg = Debug|Any CPU
		{B57FA9A6-D1FC-4056-B13C-D90E705B9C3C}.Debug|Any CPU.Build.0 = Debug|Any CPU
		{B57FA9A6-D1FC-4056-B13C-D90E705B9C3C}.Debug|Mixed Platforms.ActiveCfg = Debug|Any CPU
		{B57FA9A6-D1FC-4056-B13C-D90E705B9C3C}.Debug|Mixed Platforms.Build.0 = Debug|Any CPU
		{B57FA9A6-D1FC-4056-B13C-D90E705B9C3C}.Debug|Win32.ActiveCfg = Debug|Any CPU
		{B57FA9A6-D1FC-4056-B13C-D90E705B9C3C}.Debug|x64.ActiveCfg = Debug|Any CPU
		{B57FA9A6-D1FC-4056-B13C-D90E705B9C3C}.Debug|x86.ActiveCfg = Debug|Any CPU
		{B57FA9A6-D1FC-4056-B13C-D90E705B9C3C}.Debug2|Any CPU.ActiveCfg = Debug|Any CPU
		{B57FA9A6-D1FC-4056-B13C-D90E705B9C3C}.Debug2|Any CPU.Build.0 = Debug|Any CPU
		{B57FA9A6-D1FC-4056-B13C-D90E705B9C3C}.Debug2|Mixed Platforms.ActiveCfg = Debug|Any CPU
		{B57FA9A6-D1FC-4056-B13C-D90E705B9C3C}.Debug2|Mixed Platforms.Build.0 = Debug|Any CPU
		{B57FA9A6-D1FC-4056-B13C-D90E705B9C3C}.Debug2|Win32.ActiveCfg = Debug|Any CPU
		{B57FA9A6-D1FC-4056-B13C-D90E705B9C3C}.Debug2|x64.ActiveCfg = Debug|Any CPU
		{B57FA9A6-D1FC-4056-B13C-D90E705B9C3C}.Debug2|x86.ActiveCfg = Debug|Any CPU
		{B57FA9A6-D1FC-4056-B13C-D90E705B9C3C}.Release|Any CPU.ActiveCfg = Release|Any CPU
		{B57FA9A6-D1FC-4056-B13C-D90E705B9C3C}.Release|Any CPU.Build.0 = Release|Any CPU
		{B57FA9A6-D1FC-4056-B13C-D90E705B9C3C}.Release|Mixed Platforms.ActiveCfg = Release|Any CPU
		{B57FA9A6-D1FC-4056-B13C-D90E705B9C3C}.Release|Mixed Platforms.Build.0 = Release|Any CPU
		{B57FA9A6-D1FC-4056-B13C-D90E705B9C3C}.Release|Win32.ActiveCfg = Release|Any CPU
		{B57FA9A6-D1FC-4056-B13C-D90E705B9C3C}.Release|x64.ActiveCfg = Release|Any CPU
		{B57FA9A6-D1FC-4056-B13C-D90E705B9C3C}.Release|x86.ActiveCfg = Release|Any CPU
		{52A75670-DB30-438E-A5AD-90EDE551B419}.AppDBG|Any CPU.ActiveCfg = Release|Any CPU
		{52A75670-DB30-438E-A5AD-90EDE551B419}.AppDBG|Any CPU.Build.0 = Release|Any CPU
		{52A75670-DB30-438E-A5AD-90EDE551B419}.AppDBG|Mixed Platforms.ActiveCfg = Release|Any CPU
		{52A75670-DB30-438E-A5AD-90EDE551B419}.AppDBG|Mixed Platforms.Build.0 = Release|Any CPU
		{52A75670-DB30-438E-A5AD-90EDE551B419}.AppDBG|Win32.ActiveCfg = Release|Any CPU
		{52A75670-DB30-438E-A5AD-90EDE551B419}.AppDBG|x64.ActiveCfg = Release|Any CPU
		{52A75670-DB30-438E-A5AD-90EDE551B419}.AppDBG|x86.ActiveCfg = Debug|Any CPU
		{52A75670-DB30-438E-A5AD-90EDE551B419}.AppRelease|Any CPU.ActiveCfg = Release|Any CPU
		{52A75670-DB30-438E-A5AD-90EDE551B419}.AppRelease|Any CPU.Build.0 = Release|Any CPU
		{52A75670-DB30-438E-A5AD-90EDE551B419}.AppRelease|Mixed Platforms.ActiveCfg = Release|Any CPU
		{52A75670-DB30-438E-A5AD-90EDE551B419}.AppRelease|Mixed Platforms.Build.0 = Release|Any CPU
		{52A75670-DB30-438E-A5AD-90EDE551B419}.AppRelease|Win32.ActiveCfg = Release|Any CPU
		{52A75670-DB30-438E-A5AD-90EDE551B419}.AppRelease|x64.ActiveCfg = Release|Any CPU
		{52A75670-DB30-438E-A5AD-90EDE551B419}.AppRelease|x86.ActiveCfg = Release|Any CPU
		{52A75670-DB30-438E-A5AD-90EDE551B419}.AppRls|Any CPU.ActiveCfg = Release|Any CPU
		{52A75670-DB30-438E-A5AD-90EDE551B419}.AppRls|Any CPU.Build.0 = Release|Any CPU
		{52A75670-DB30-438E-A5AD-90EDE551B419}.AppRls|Mixed Platforms.ActiveCfg = Release|Any CPU
		{52A75670-DB30-438E-A5AD-90EDE551B419}.AppRls|Mixed Platforms.Build.0 = Release|Any CPU
		{52A75670-DB30-438E-A5AD-90EDE551B419}.AppRls|Win32.ActiveCfg = Release|Any CPU
		{52A75670-DB30-438E-A5AD-90EDE551B419}.AppRls|x64.ActiveCfg = Release|Any CPU
		{52A75670-DB30-438E-A5AD-90EDE551B419}.AppRls|x86.ActiveCfg = Debug|Any CPU
		{52A75670-DB30-438E-A5AD-90EDE551B419}.Debug|Any CPU.ActiveCfg = Debug|Any CPU
		{52A75670-DB30-438E-A5AD-90EDE551B419}.Debug|Any CPU.Build.0 = Debug|Any CPU
		{52A75670-DB30-438E-A5AD-90EDE551B419}.Debug|Mixed Platforms.ActiveCfg = Debug|Any CPU
		{52A75670-DB30-438E-A5AD-90EDE551B419}.Debug|Mixed Platforms.Build.0 = Debug|Any CPU
		{52A75670-DB30-438E-A5AD-90EDE551B419}.Debug|Win32.ActiveCfg = Debug|Any CPU
		{52A75670-DB30-438E-A5AD-90EDE551B419}.Debug|x64.ActiveCfg = Debug|Any CPU
		{52A75670-DB30-438E-A5AD-90EDE551B419}.Debug|x86.ActiveCfg = Debug|Any CPU
		{52A75670-DB30-438E-A5AD-90EDE551B419}.Debug2|Any CPU.ActiveCfg = Debug|Any CPU
		{52A75670-DB30-438E-A5AD-90EDE551B419}.Debug2|Any CPU.Build.0 = Debug|Any CPU
		{52A75670-DB30-438E-A5AD-90EDE551B419}.Debug2|Mixed Platforms.ActiveCfg = Debug|Any CPU
		{52A75670-DB30-438E-A5AD-90EDE551B419}.Debug2|Mixed Platforms.Build.0 = Debug|Any CPU
		{52A75670-DB30-438E-A5AD-90EDE551B419}.Debug2|Win32.ActiveCfg = Debug|Any CPU
		{52A75670-DB30-438E-A5AD-90EDE551B419}.Debug2|x64.ActiveCfg = Debug|Any CPU
		{52A75670-DB30-438E-A5AD-90EDE551B419}.Debug2|x86.ActiveCfg = Debug|Any CPU
		{52A75670-DB30-438E-A5AD-90EDE551B419}.Release|Any CPU.ActiveCfg = Release|Any CPU
		{52A75670-DB30-438E-A5AD-90EDE551B419}.Release|Any CPU.Build.0 = Release|Any CPU
		{52A75670-DB30-438E-A5AD-90EDE551B419}.Release|Mixed Platforms.ActiveCfg = Release|Any CPU
		{52A75670-DB30-438E-A5AD-90EDE551B419}.Release|Mixed Platforms.Build.0 = Release|Any CPU
		{52A75670-DB30-438E-A5AD-90EDE551B419}.Release|Win32.ActiveCfg = Release|Any CPU
		{52A75670-DB30-438E-A5AD-90EDE551B419}.Release|x64.ActiveCfg = Release|Any CPU
		{52A75670-DB30-438E-A5AD-90EDE551B419}.Release|x86.ActiveCfg = Release|Any CPU
		{A612BA0E-C5A6-4232-B3CC-ACED48C7C085}.AppDBG|Any CPU.ActiveCfg = Release|x86
		{A612BA0E-C5A6-4232-B3CC-ACED48C7C085}.AppDBG|Mixed Platforms.ActiveCfg = Release|x86
		{A612BA0E-C5A6-4232-B3CC-ACED48C7C085}.AppDBG|Mixed Platforms.Build.0 = Release|x86
		{A612BA0E-C5A6-4232-B3CC-ACED48C7C085}.AppDBG|Win32.ActiveCfg = Release|x86
		{A612BA0E-C5A6-4232-B3CC-ACED48C7C085}.AppDBG|Win32.Build.0 = Release|x86
		{A612BA0E-C5A6-4232-B3CC-ACED48C7C085}.AppDBG|x64.ActiveCfg = Release|x86
		{A612BA0E-C5A6-4232-B3CC-ACED48C7C085}.AppDBG|x86.ActiveCfg = Release|x86
		{A612BA0E-C5A6-4232-B3CC-ACED48C7C085}.AppDBG|x86.Build.0 = Release|x86
		{A612BA0E-C5A6-4232-B3CC-ACED48C7C085}.AppRelease|Any CPU.ActiveCfg = Release|x86
		{A612BA0E-C5A6-4232-B3CC-ACED48C7C085}.AppRelease|Mixed Platforms.ActiveCfg = Release|x86
		{A612BA0E-C5A6-4232-B3CC-ACED48C7C085}.AppRelease|Mixed Platforms.Build.0 = Release|x86
		{A612BA0E-C5A6-4232-B3CC-ACED48C7C085}.AppRelease|Win32.ActiveCfg = Release|x86
		{A612BA0E-C5A6-4232-B3CC-ACED48C7C085}.AppRelease|Win32.Build.0 = Release|x86
		{A612BA0E-C5A6-4232-B3CC-ACED48C7C085}.AppRelease|x64.ActiveCfg = Release|x86
		{A612BA0E-C5A6-4232-B3CC-ACED48C7C085}.AppRelease|x86.ActiveCfg = Release|x86
		{A612BA0E-C5A6-4232-B3CC-ACED48C7C085}.AppRelease|x86.Build.0 = Release|x86
		{A612BA0E-C5A6-4232-B3CC-ACED48C7C085}.AppRls|Any CPU.ActiveCfg = Release|x86
		{A612BA0E-C5A6-4232-B3CC-ACED48C7C085}.AppRls|Mixed Platforms.ActiveCfg = Release|x86
		{A612BA0E-C5A6-4232-B3CC-ACED48C7C085}.AppRls|Mixed Platforms.Build.0 = Release|x86
		{A612BA0E-C5A6-4232-B3CC-ACED48C7C085}.AppRls|Win32.ActiveCfg = Release|x86
		{A612BA0E-C5A6-4232-B3CC-ACED48C7C085}.AppRls|Win32.Build.0 = Release|x86
		{A612BA0E-C5A6-4232-B3CC-ACED48C7C085}.AppRls|x64.ActiveCfg = Release|x86
		{A612BA0E-C5A6-4232-B3CC-ACED48C7C085}.AppRls|x86.ActiveCfg = Release|x86
		{A612BA0E-C5A6-4232-B3CC-ACED48C7C085}.AppRls|x86.Build.0 = Release|x86
		{A612BA0E-C5A6-4232-B3CC-ACED48C7C085}.Debug|Any CPU.ActiveCfg = Debug|x86
		{A612BA0E-C5A6-4232-B3CC-ACED48C7C085}.Debug|Mixed Platforms.ActiveCfg = Debug|x86
		{A612BA0E-C5A6-4232-B3CC-ACED48C7C085}.Debug|Mixed Platforms.Build.0 = Debug|x86
		{A612BA0E-C5A6-4232-B3CC-ACED48C7C085}.Debug|Win32.ActiveCfg = Debug|x86
		{A612BA0E-C5A6-4232-B3CC-ACED48C7C085}.Debug|Win32.Build.0 = Debug|x86
		{A612BA0E-C5A6-4232-B3CC-ACED48C7C085}.Debug|x64.ActiveCfg = Debug|x86
		{A612BA0E-C5A6-4232-B3CC-ACED48C7C085}.Debug|x86.ActiveCfg = Debug|x86
		{A612BA0E-C5A6-4232-B3CC-ACED48C7C085}.Debug|x86.Build.0 = Debug|x86
		{A612BA0E-C5A6-4232-B3CC-ACED48C7C085}.Debug2|Any CPU.ActiveCfg = Debug|x86
		{A612BA0E-C5A6-4232-B3CC-ACED48C7C085}.Debug2|Mixed Platforms.ActiveCfg = Debug|x86
		{A612BA0E-C5A6-4232-B3CC-ACED48C7C085}.Debug2|Mixed Platforms.Build.0 = Debug|x86
		{A612BA0E-C5A6-4232-B3CC-ACED48C7C085}.Debug2|Win32.ActiveCfg = Debug|x86
		{A612BA0E-C5A6-4232-B3CC-ACED48C7C085}.Debug2|Win32.Build.0 = Debug|x86
		{A612BA0E-C5A6-4232-B3CC-ACED48C7C085}.Debug2|x64.ActiveCfg = Debug|x86
		{A612BA0E-C5A6-4232-B3CC-ACED48C7C085}.Debug2|x86.ActiveCfg = Debug|x86
		{A612BA0E-C5A6-4232-B3CC-ACED48C7C085}.Debug2|x86.Build.0 = Debug|x86
		{A612BA0E-C5A6-4232-B3CC-ACED48C7C085}.Release|Any CPU.ActiveCfg = Release|x86
		{A612BA0E-C5A6-4232-B3CC-ACED48C7C085}.Release|Mixed Platforms.ActiveCfg = Release|x86
		{A612BA0E-C5A6-4232-B3CC-ACED48C7C085}.Release|Mixed Platforms.Build.0 = Release|x86
		{A612BA0E-C5A6-4232-B3CC-ACED48C7C085}.Release|Win32.ActiveCfg = Release|x86
		{A612BA0E-C5A6-4232-B3CC-ACED48C7C085}.Release|Win32.Build.0 = Release|x86
		{A612BA0E-C5A6-4232-B3CC-ACED48C7C085}.Release|x64.ActiveCfg = Release|x86
		{A612BA0E-C5A6-4232-B3CC-ACED48C7C085}.Release|x86.ActiveCfg = Release|x86
		{A612BA0E-C5A6-4232-B3CC-ACED48C7C085}.Release|x86.Build.0 = Release|x86
	EndGlobalSection
	GlobalSection(SolutionProperties) = preSolution
		HideSolutionNode = FALSE
	EndGlobalSection
	GlobalSection(Performance) = preSolution
		HasPerformanceSessions = true
	EndGlobalSection
EndGlobal
